
Microsoft Visual Studio Solution File, Format Version 12.00
# Visual Studio Version 17
VisualStudioVersion = 17.4.32804.182
MinimumVisualStudioVersion = 10.0.40219.1
Project("{2150E333-8FDC-42A3-9474-1A3956D46DE8}") = "src", "src", "{485AB22B-2350-4BFF-91F5-702804A876F3}"
EndProject
Project("{2150E333-8FDC-42A3-9474-1A3956D46DE8}") = "test", "test", "{09C0DB21-D093-4157-B390-07731B072D5F}"
EndProject
Project("{9A19103F-16F7-4668-BE54-9A1E7A4F7556}") = "AspNetCore.UnitTest", "test\AspNetCore.UnitTest\AspNetCore.UnitTest.csproj", "{2EDE48DB-84D1-47BB-9909-C7392722035E}"
EndProject
Project("{FAE04EC0-301F-11D3-BF4B-00C04F79EFBC}") = "ConsoleApp", "src\ConsoleApp\ConsoleApp.csproj", "{0DA2B7A0-4A93-4B07-8031-32EB03E87070}"
EndProject
Global
	GlobalSection(SolutionConfigurationPlatforms) = preSolution
		Debug|Any CPU = Debug|Any CPU
		Release|Any CPU = Release|Any CPU
	EndGlobalSection
	GlobalSection(ProjectConfigurationPlatforms) = postSolution
		{2EDE48DB-84D1-47BB-9909-C7392722035E}.Debug|Any CPU.ActiveCfg = Debug|Any CPU
		{2EDE48DB-84D1-47BB-9909-C7392722035E}.Debug|Any CPU.Build.0 = Debug|Any CPU
		{2EDE48DB-84D1-47BB-9909-C7392722035E}.Release|Any CPU.ActiveCfg = Release|Any CPU
		{2EDE48DB-84D1-47BB-9909-C7392722035E}.Release|Any CPU.Build.0 = Release|Any CPU
		{0DA2B7A0-4A93-4B07-8031-32EB03E87070}.Debug|Any CPU.ActiveCfg = Debug|Any CPU
		{0DA2B7A0-4A93-4B07-8031-32EB03E87070}.Debug|Any CPU.Build.0 = Debug|Any CPU
		{0DA2B7A0-4A93-4B07-8031-32EB03E87070}.Release|Any CPU.ActiveCfg = Release|Any CPU
		{0DA2B7A0-4A93-4B07-8031-32EB03E87070}.Release|Any CPU.Build.0 = Release|Any CPU
	EndGlobalSection
	GlobalSection(SolutionProperties) = preSolution
		HideSolutionNode = FALSE
	EndGlobalSection
	GlobalSection(NestedProjects) = preSolution
		{2EDE48DB-84D1-47BB-9909-C7392722035E} = {09C0DB21-D093-4157-B390-07731B072D5F}
		{0DA2B7A0-4A93-4B07-8031-32EB03E87070} = {485AB22B-2350-4BFF-91F5-702804A876F3}
	EndGlobalSection
	GlobalSection(ExtensibilityGlobals) = postSolution
		SolutionGuid = {C911988D-C3CB-486A-8E17-E509CBC3E730}
	EndGlobalSection
EndGlobal
